// !$*UTF8*$!
{
	archiveVersion = 1;
	classes = {
	};
	objectVersion = 50;
	objects = {

/* Begin PBXBuildFile section */
		3831F2BE26BA39B700220372 /* AppDelegate.swift in Sources */ = {isa = PBXBuildFile; fileRef = 3831F2BD26BA39B700220372 /* AppDelegate.swift */; };
		3831F2C026BA39B700220372 /* SceneDelegate.swift in Sources */ = {isa = PBXBuildFile; fileRef = 3831F2BF26BA39B700220372 /* SceneDelegate.swift */; };
		3831F2C226BA39B700220372 /* MainViewController.swift in Sources */ = {isa = PBXBuildFile; fileRef = 3831F2C126BA39B700220372 /* MainViewController.swift */; };
		3831F2C526BA39B700220372 /* Main.storyboard in Resources */ = {isa = PBXBuildFile; fileRef = 3831F2C326BA39B700220372 /* Main.storyboard */; };
		3831F2C726BA39B900220372 /* Assets.xcassets in Resources */ = {isa = PBXBuildFile; fileRef = 3831F2C626BA39B900220372 /* Assets.xcassets */; };
		3831F2CA26BA39B900220372 /* LaunchScreen.storyboard in Resources */ = {isa = PBXBuildFile; fileRef = 3831F2C826BA39B900220372 /* LaunchScreen.storyboard */; };
		3831F2D326BA3A2800220372 /* .swiftlint.yml in Resources */ = {isa = PBXBuildFile; fileRef = 3831F2D226BA3A2800220372 /* .swiftlint.yml */; };
		3831F2D726BA3AF100220372 /* InputTextViewController.swift in Sources */ = {isa = PBXBuildFile; fileRef = 3831F2D626BA3AF100220372 /* InputTextViewController.swift */; };
		3831F2D926BA3B2D00220372 /* CustomTableViewCell.swift in Sources */ = {isa = PBXBuildFile; fileRef = 3831F2D826BA3B2D00220372 /* CustomTableViewCell.swift */; };
/* End PBXBuildFile section */

/* Begin PBXFileReference section */
		3831F2BA26BA39B700220372 /* Loco.Kadai15.app */ = {isa = PBXFileReference; explicitFileType = wrapper.application; includeInIndex = 0; path = Loco.Kadai15.app; sourceTree = BUILT_PRODUCTS_DIR; };
		3831F2BD26BA39B700220372 /* AppDelegate.swift */ = {isa = PBXFileReference; lastKnownFileType = sourcecode.swift; path = AppDelegate.swift; sourceTree = "<group>"; };
		3831F2BF26BA39B700220372 /* SceneDelegate.swift */ = {isa = PBXFileReference; lastKnownFileType = sourcecode.swift; path = SceneDelegate.swift; sourceTree = "<group>"; };
		3831F2C126BA39B700220372 /* MainViewController.swift */ = {isa = PBXFileReference; lastKnownFileType = sourcecode.swift; path = MainViewController.swift; sourceTree = "<group>"; };
		3831F2C426BA39B700220372 /* Base */ = {isa = PBXFileReference; lastKnownFileType = file.storyboard; name = Base; path = Base.lproj/Main.storyboard; sourceTree = "<group>"; };
		3831F2C626BA39B900220372 /* Assets.xcassets */ = {isa = PBXFileReference; lastKnownFileType = folder.assetcatalog; path = Assets.xcassets; sourceTree = "<group>"; };
		3831F2C926BA39B900220372 /* Base */ = {isa = PBXFileReference; lastKnownFileType = file.storyboard; name = Base; path = Base.lproj/LaunchScreen.storyboard; sourceTree = "<group>"; };
		3831F2CB26BA39B900220372 /* Info.plist */ = {isa = PBXFileReference; lastKnownFileType = text.plist.xml; path = Info.plist; sourceTree = "<group>"; };
		3831F2D226BA3A2800220372 /* .swiftlint.yml */ = {isa = PBXFileReference; lastKnownFileType = text.yaml; path = .swiftlint.yml; sourceTree = "<group>"; };
		3831F2D626BA3AF100220372 /* InputTextViewController.swift */ = {isa = PBXFileReference; lastKnownFileType = sourcecode.swift; path = InputTextViewController.swift; sourceTree = "<group>"; };
		3831F2D826BA3B2D00220372 /* CustomTableViewCell.swift */ = {isa = PBXFileReference; lastKnownFileType = sourcecode.swift; path = CustomTableViewCell.swift; sourceTree = "<group>"; };
/* End PBXFileReference section */

/* Begin PBXFrameworksBuildPhase section */
		3831F2B726BA39B700220372 /* Frameworks */ = {
			isa = PBXFrameworksBuildPhase;
			buildActionMask = 2147483647;
			files = (
			);
			runOnlyForDeploymentPostprocessing = 0;
		};
/* End PBXFrameworksBuildPhase section */

/* Begin PBXGroup section */
		3831F2B126BA39B700220372 = {
			isa = PBXGroup;
			children = (
				3831F2D226BA3A2800220372 /* .swiftlint.yml */,
				3831F2BC26BA39B700220372 /* Loco.Kadai15 */,
				3831F2BB26BA39B700220372 /* Products */,
			);
			sourceTree = "<group>";
		};
		3831F2BB26BA39B700220372 /* Products */ = {
			isa = PBXGroup;
			children = (
				3831F2BA26BA39B700220372 /* Loco.Kadai15.app */,
			);
			name = Products;
			sourceTree = "<group>";
		};
		3831F2BC26BA39B700220372 /* Loco.Kadai15 */ = {
			isa = PBXGroup;
			children = (
				3831F2BD26BA39B700220372 /* AppDelegate.swift */,
				3831F2BF26BA39B700220372 /* SceneDelegate.swift */,
				3831F2D826BA3B2D00220372 /* CustomTableViewCell.swift */,
				3831F2D626BA3AF100220372 /* InputTextViewController.swift */,
				3831F2C126BA39B700220372 /* MainViewController.swift */,
				3831F2C326BA39B700220372 /* Main.storyboard */,
				3831F2C626BA39B900220372 /* Assets.xcassets */,
				3831F2C826BA39B900220372 /* LaunchScreen.storyboard */,
				3831F2CB26BA39B900220372 /* Info.plist */,
			);
			path = Loco.Kadai15;
			sourceTree = "<group>";
		};
/* End PBXGroup section */

/* Begin PBXNativeTarget section */
		3831F2B926BA39B700220372 /* Loco.Kadai15 */ = {
			isa = PBXNativeTarget;
			buildConfigurationList = 3831F2CE26BA39B900220372 /* Build configuration list for PBXNativeTarget "Loco.Kadai15" */;
			buildPhases = (
				3831F2B626BA39B700220372 /* Sources */,
				3831F2B726BA39B700220372 /* Frameworks */,
				3831F2B826BA39B700220372 /* Resources */,
				3831F2D126BA3A0200220372 /* ShellScript */,
			);
			buildRules = (
			);
			dependencies = (
			);
			name = Loco.Kadai15;
			productName = Loco.Kadai15;
			productReference = 3831F2BA26BA39B700220372 /* Loco.Kadai15.app */;
			productType = "com.apple.product-type.application";
		};
/* End PBXNativeTarget section */

/* Begin PBXProject section */
		3831F2B226BA39B700220372 /* Project object */ = {
			isa = PBXProject;
			attributes = {
				LastSwiftUpdateCheck = 1250;
				LastUpgradeCheck = 1250;
				TargetAttributes = {
					3831F2B926BA39B700220372 = {
						CreatedOnToolsVersion = 12.5.1;
					};
				};
			};
			buildConfigurationList = 3831F2B526BA39B700220372 /* Build configuration list for PBXProject "Loco.Kadai15" */;
			compatibilityVersion = "Xcode 9.3";
			developmentRegion = en;
			hasScannedForEncodings = 0;
			knownRegions = (
				en,
				Base,
			);
			mainGroup = 3831F2B126BA39B700220372;
			productRefGroup = 3831F2BB26BA39B700220372 /* Products */;
			projectDirPath = "";
			projectRoot = "";
			targets = (
				3831F2B926BA39B700220372 /* Loco.Kadai15 */,
			);
		};
/* End PBXProject section */

/* Begin PBXResourcesBuildPhase section */
		3831F2B826BA39B700220372 /* Resources */ = {
			isa = PBXResourcesBuildPhase;
			buildActionMask = 2147483647;
			files = (
				3831F2D326BA3A2800220372 /* .swiftlint.yml in Resources */,
				3831F2CA26BA39B900220372 /* LaunchScreen.storyboard in Resources */,
				3831F2C726BA39B900220372 /* Assets.xcassets in Resources */,
				3831F2C526BA39B700220372 /* Main.storyboard in Resources */,
			);
			runOnlyForDeploymentPostprocessing = 0;
		};
/* End PBXResourcesBuildPhase section */

/* Begin PBXShellScriptBuildPhase section */
		3831F2D126BA3A0200220372 /* ShellScript */ = {
			isa = PBXShellScriptBuildPhase;
			buildActionMask = 2147483647;
			files = (
			);
			inputFileListPaths = (
			);
			inputPaths = (
			);
			outputFileListPaths = (
			);
			outputPaths = (
			);
			runOnlyForDeploymentPostprocessing = 0;
			shellPath = /bin/sh;
			shellScript = "if which swiftlint >/dev/null; then\n  swiftlint\nelse\n  echo \"warning: SwiftLint not installed, download from https://github.com/realm/SwiftLint\"\nfi\n\n";
		};
/* End PBXShellScriptBuildPhase section */

/* Begin PBXSourcesBuildPhase section */
		3831F2B626BA39B700220372 /* Sources */ = {
			isa = PBXSourcesBuildPhase;
			buildActionMask = 2147483647;
			files = (
				3831F2C226BA39B700220372 /* MainViewController.swift in Sources */,
				3831F2D926BA3B2D00220372 /* CustomTableViewCell.swift in Sources */,
				3831F2BE26BA39B700220372 /* AppDelegate.swift in Sources */,
				3831F2D726BA3AF100220372 /* InputTextViewController.swift in Sources */,
				3831F2C026BA39B700220372 /* SceneDelegate.swift in Sources */,
			);
			runOnlyForDeploymentPostprocessing = 0;
		};
/* End PBXSourcesBuildPhase section */

/* Begin PBXVariantGroup section */
		3831F2C326BA39B700220372 /* Main.storyboard */ = {
			isa = PBXVariantGroup;
			children = (
				3831F2C426BA39B700220372 /* Base */,
			);
			name = Main.storyboard;
			sourceTree = "<group>";
		};
		3831F2C826BA39B900220372 /* LaunchScreen.storyboard */ = {
			isa = PBXVariantGroup;
			children = (
				3831F2C926BA39B900220372 /* Base */,
			);
			name = LaunchScreen.storyboard;
			sourceTree = "<group>";
		};
/* End PBXVariantGroup section */

/* Begin XCBuildConfiguration section */
		3831F2CC26BA39B900220372 /* Debug */ = {
			isa = XCBuildConfiguration;
			buildSettings = {
				ALWAYS_SEARCH_USER_PATHS = NO;
				CLANG_ANALYZER_NONNULL = YES;
				CLANG_ANALYZER_NUMBER_OBJECT_CONVERSION = YES_AGGRESSIVE;
				CLANG_CXX_LANGUAGE_STANDARD = "gnu++14";
				CLANG_CXX_LIBRARY = "libc++";
				CLANG_ENABLE_MODULES = YES;
				CLANG_ENABLE_OBJC_ARC = YES;
				CLANG_ENABLE_OBJC_WEAK = YES;
				CLANG_WARN_BLOCK_CAPTURE_AUTORELEASING = YES;
				CLANG_WARN_BOOL_CONVERSION = YES;
				CLANG_WARN_COMMA = YES;
				CLANG_WARN_CONSTANT_CONVERSION = YES;
				CLANG_WARN_DEPRECATED_OBJC_IMPLEMENTATIONS = YES;
				CLANG_WARN_DIRECT_OBJC_ISA_USAGE = YES_ERROR;
				CLANG_WARN_DOCUMENTATION_COMMENTS = YES;
				CLANG_WARN_EMPTY_BODY = YES;
				CLANG_WARN_ENUM_CONVERSION = YES;
				CLANG_WARN_INFINITE_RECURSION = YES;
				CLANG_WARN_INT_CONVERSION = YES;
				CLANG_WARN_NON_LITERAL_NULL_CONVERSION = YES;
				CLANG_WARN_OBJC_IMPLICIT_RETAIN_SELF = YES;
				CLANG_WARN_OBJC_LITERAL_CONVERSION = YES;
				CLANG_WARN_OBJC_ROOT_CLASS = YES_ERROR;
				CLANG_WARN_QUOTED_INCLUDE_IN_FRAMEWORK_HEADER = YES;
				CLANG_WARN_RANGE_LOOP_ANALYSIS = YES;
				CLANG_WARN_STRICT_PROTOTYPES = YES;
				CLANG_WARN_SUSPICIOUS_MOVE = YES;
				CLANG_WARN_UNGUARDED_AVAILABILITY = YES_AGGRESSIVE;
				CLANG_WARN_UNREACHABLE_CODE = YES;
				CLANG_WARN__DUPLICATE_METHOD_MATCH = YES;
				COPY_PHASE_STRIP = NO;
				DEBUG_INFORMATION_FORMAT = dwarf;
				ENABLE_STRICT_OBJC_MSGSEND = YES;
				ENABLE_TESTABILITY = YES;
				GCC_C_LANGUAGE_STANDARD = gnu11;
				GCC_DYNAMIC_NO_PIC = NO;
				GCC_NO_COMMON_BLOCKS = YES;
				GCC_OPTIMIZATION_LEVEL = 0;
				GCC_PREPROCESSOR_DEFINITIONS = (
					"DEBUG=1",
					"$(inherited)",
				);
				GCC_WARN_64_TO_32_BIT_CONVERSION = YES;
				GCC_WARN_ABOUT_RETURN_TYPE = YES_ERROR;
				GCC_WARN_UNDECLARED_SELECTOR = YES;
				GCC_WARN_UNINITIALIZED_AUTOS = YES_AGGRESSIVE;
				GCC_WARN_UNUSED_FUNCTION = YES;
				GCC_WARN_UNUSED_VARIABLE = YES;
				IPHONEOS_DEPLOYMENT_TARGET = 14.5;
				MTL_ENABLE_DEBUG_INFO = INCLUDE_SOURCE;
				MTL_FAST_MATH = YES;
				ONLY_ACTIVE_ARCH = YES;
				SDKROOT = iphoneos;
				SWIFT_ACTIVE_COMPILATION_CONDITIONS = DEBUG;
				SWIFT_OPTIMIZATION_LEVEL = "-Onone";
			};
			name = Debug;
		};
		3831F2CD26BA39B900220372 /* Release */ = {
			isa = XCBuildConfiguration;
			buildSettings = {
				ALWAYS_SEARCH_USER_PATHS = NO;
				CLANG_ANALYZER_NONNULL = YES;
				CLANG_ANALYZER_NUMBER_OBJECT_CONVERSION = YES_AGGRESSIVE;
				CLANG_CXX_LANGUAGE_STANDARD = "gnu++14";
				CLANG_CXX_LIBRARY = "libc++";
				CLANG_ENABLE_MODULES = YES;
				CLANG_ENABLE_OBJC_ARC = YES;
				CLANG_ENABLE_OBJC_WEAK = YES;
				CLANG_WARN_BLOCK_CAPTURE_AUTORELEASING = YES;
				CLANG_WARN_BOOL_CONVERSION = YES;
				CLANG_WARN_COMMA = YES;
				CLANG_WARN_CONSTANT_CONVERSION = YES;
				CLANG_WARN_DEPRECATED_OBJC_IMPLEMENTATIONS = YES;
				CLANG_WARN_DIRECT_OBJC_ISA_USAGE = YES_ERROR;
				CLANG_WARN_DOCUMENTATION_COMMENTS = YES;
				CLANG_WARN_EMPTY_BODY = YES;
				CLANG_WARN_ENUM_CONVERSION = YES;
				CLANG_WARN_INFINITE_RECURSION = YES;
				CLANG_WARN_INT_CONVERSION = YES;
				CLANG_WARN_NON_LITERAL_NULL_CONVERSION = YES;
				CLANG_WARN_OBJC_IMPLICIT_RETAIN_SELF = YES;
				CLANG_WARN_OBJC_LITERAL_CONVERSION = YES;
				CLANG_WARN_OBJC_ROOT_CLASS = YES_ERROR;
				CLANG_WARN_QUOTED_INCLUDE_IN_FRAMEWORK_HEADER = YES;
				CLANG_WARN_RANGE_LOOP_ANALYSIS = YES;
				CLANG_WARN_STRICT_PROTOTYPES = YES;
				CLANG_WARN_SUSPICIOUS_MOVE = YES;
				CLANG_WARN_UNGUARDED_AVAILABILITY = YES_AGGRESSIVE;
				CLANG_WARN_UNREACHABLE_CODE = YES;
				CLANG_WARN__DUPLICATE_METHOD_MATCH = YES;
				COPY_PHASE_STRIP = NO;
				DEBUG_INFORMATION_FORMAT = "dwarf-with-dsym";
				ENABLE_NS_ASSERTIONS = NO;
				ENABLE_STRICT_OBJC_MSGSEND = YES;
				GCC_C_LANGUAGE_STANDARD = gnu11;
				GCC_NO_COMMON_BLOCKS = YES;
				GCC_WARN_64_TO_32_BIT_CONVERSION = YES;
				GCC_WARN_ABOUT_RETURN_TYPE = YES_ERROR;
				GCC_WARN_UNDECLARED_SELECTOR = YES;
				GCC_WARN_UNINITIALIZED_AUTOS = YES_AGGRESSIVE;
				GCC_WARN_UNUSED_FUNCTION = YES;
				GCC_WARN_UNUSED_VARIABLE = YES;
				IPHONEOS_DEPLOYMENT_TARGET = 14.5;
				MTL_ENABLE_DEBUG_INFO = NO;
				MTL_FAST_MATH = YES;
				SDKROOT = iphoneos;
				SWIFT_COMPILATION_MODE = wholemodule;
				SWIFT_OPTIMIZATION_LEVEL = "-O";
				VALIDATE_PRODUCT = YES;
			};
			name = Release;
		};
		3831F2CF26BA39B900220372 /* Debug */ = {
			isa = XCBuildConfiguration;
			buildSettings = {
				ASSETCATALOG_COMPILER_APPICON_NAME = AppIcon;
				ASSETCATALOG_COMPILER_GLOBAL_ACCENT_COLOR_NAME = AccentColor;
				CODE_SIGN_STYLE = Automatic;
				DEVELOPMENT_TEAM = CU8USZ38UD;
				INFOPLIST_FILE = Loco.Kadai15/Info.plist;
				LD_RUNPATH_SEARCH_PATHS = (
					"$(inherited)",
					"@executable_path/Frameworks",
				);
				PRODUCT_BUNDLE_IDENTIFIER = "com.hayato.Loco-Kadai15";
				PRODUCT_NAME = "$(TARGET_NAME)";
				SWIFT_VERSION = 5.0;
				TARGETED_DEVICE_FAMILY = "1,2";
			};
			name = Debug;
		};
		3831F2D026BA39B900220372 /* Release */ = {
			isa = XCBuildConfiguration;
			buildSettings = {
				ASSETCATALOG_COMPILER_APPICON_NAME = AppIcon;
				ASSETCATALOG_COMPILER_GLOBAL_ACCENT_COLOR_NAME = AccentColor;
				CODE_SIGN_STYLE = Automatic;
				DEVELOPMENT_TEAM = CU8USZ38UD;
				INFOPLIST_FILE = Loco.Kadai15/Info.plist;
				LD_RUNPATH_SEARCH_PATHS = (
					"$(inherited)",
					"@executable_path/Frameworks",
				);
				PRODUCT_BUNDLE_IDENTIFIER = "com.hayato.Loco-Kadai15";
				PRODUCT_NAME = "$(TARGET_NAME)";
				SWIFT_VERSION = 5.0;
				TARGETED_DEVICE_FAMILY = "1,2";
			};
			name = Release;
		};
/* End XCBuildConfiguration section */

/* Begin XCConfigurationList section */
		3831F2B526BA39B700220372 /* Build configuration list for PBXProject "Loco.Kadai15" */ = {
			isa = XCConfigurationList;
			buildConfigurations = (
				3831F2CC26BA39B900220372 /* Debug */,
				3831F2CD26BA39B900220372 /* Release */,
			);
			defaultConfigurationIsVisible = 0;
			defaultConfigurationName = Release;
		};
		3831F2CE26BA39B900220372 /* Build configuration list for PBXNativeTarget "Loco.Kadai15" */ = {
			isa = XCConfigurationList;
			buildConfigurations = (
				3831F2CF26BA39B900220372 /* Debug */,
				3831F2D026BA39B900220372 /* Release */,
			);
			defaultConfigurationIsVisible = 0;
			defaultConfigurationName = Release;
		};
/* End XCConfigurationList section */
	};
	rootObject = 3831F2B226BA39B700220372 /* Project object */;
}
